
Microsoft Visual Studio Solution File, Format Version 12.00
# Visual Studio Version 17
VisualStudioVersion = 17.2.32616.157
MinimumVisualStudioVersion = 10.0.40219.1
Project("{FAE04EC0-301F-11D3-BF4B-00C04F79EFBC}") = "SignalRServer", "SignalRServer\SignalRServer.csproj", "{C5C923A3-F5CE-42D4-8048-31D9F865C130}"
EndProject
Global
	GlobalSection(SolutionConfigurationPlatforms) = preSolution
		Debug|Any CPU = Debug|Any CPU
		Release|Any CPU = Release|Any CPU
	EndGlobalSection
	GlobalSection(ProjectConfigurationPlatforms) = postSolution
		{C5C923A3-F5CE-42D4-8048-31D9F865C130}.Debug|Any CPU.ActiveCfg = Debug|Any CPU
		{C5C923A3-F5CE-42D4-8048-31D9F865C130}.Debug|Any CPU.Build.0 = Debug|Any CPU
		{C5C923A3-F5CE-42D4-8048-31D9F865C130}.Release|Any CPU.ActiveCfg = Release|Any CPU
		{C5C923A3-F5CE-42D4-8048-31D9F865C130}.Release|Any CPU.Build.0 = Release|Any CPU
	EndGlobalSection
	GlobalSection(SolutionProperties) = preSolution
		HideSolutionNode = FALSE
	EndGlobalSection
	GlobalSection(ExtensibilityGlobals) = postSolution
		SolutionGuid = {FC03FB69-02F9-4E26-A47D-868BEE2CD005}
	EndGlobalSection
EndGlobal
